Microsoft Visual Studio Solution File, Format Version 12.00
# Visual Studio Version 17
VisualStudioVersion = 17.10.35013.160
MinimumVisualStudioVersion = 10.0.40219.1
Project("{9A19103F-16F7-4668-BE54-9A1E7A4F7556}") = "DistributedCodingCompetition.AppHost", "DistributedCodingCompetition.AppHost\DistributedCodingCompetition.AppHost.csproj", "{BC5A5C8C-0CB6-4888-BB52-5C301BCBCDEB}"
EndProject
Project("{9A19103F-16F7-4668-BE54-9A1E7A4F7556}") = "DistributedCodingCompetition.ServiceDefaults", "DistributedCodingCompetition.ServiceDefaults\DistributedCodingCompetition.ServiceDefaults.csproj", "{EC8D630D-CDDD-4374-AA94-8FC63DF7E035}"
EndProject
Project("{9A19103F-16F7-4668-BE54-9A1E7A4F7556}") = "DistributedCodingCompetition.ApiService", "DistributedCodingCompetition.ApiService\DistributedCodingCompetition.ApiService.csproj", "{DBFEDFD8-AEC2-4CFB-B400-BC9BBB64E571}"
EndProject
Project("{9A19103F-16F7-4668-BE54-9A1E7A4F7556}") = "DistributedCodingCompetition.Web", "DistributedCodingCompetition.Web\DistributedCodingCompetition.Web.csproj", "{F02BDA13-A6FE-49C6-8733-B5ABFE664865}"
EndProject
Project("{9A19103F-16F7-4668-BE54-9A1E7A4F7556}") = "DistributedCodingCompetition.Tests", "DistributedCodingCompetition.Tests\DistributedCodingCompetition.Tests.csproj", "{640E0871-B453-4F34-BFC5-92E0A492DC92}"
EndProject
Project("{9A19103F-16F7-4668-BE54-9A1E7A4F7556}") = "DistributedCodingCompetition.CodeExecution", "DistributedCodingCompetition.CodeExecution\DistributedCodingCompetition.CodeExecution.csproj", "{2459C841-C1AC-49DF-AEC7-012678D8F440}"
EndProject
Project("{9A19103F-16F7-4668-BE54-9A1E7A4F7556}") = "DistributedCodingCompetition.Judge", "DistributedCodingCompetition.Judge\DistributedCodingCompetition.Judge.csproj", "{1D2D7FA8-557B-4196-BECE-10AB80166058}"
EndProject
Project("{9A19103F-16F7-4668-BE54-9A1E7A4F7556}") = "DistributedCodingCompetition.ExecRunner", "DistributedCodingCompetition.ExecRunner\DistributedCodingCompetition.ExecRunner.csproj", "{01242147-9D15-4A9C-91BF-BC898D29226C}"
EndProject
Project("{9A19103F-16F7-4668-BE54-9A1E7A4F7556}") = "DistributedCodingCompetition.ExecutionShared", "DistributedCodingCompetition.ExecutionShared\DistributedCodingCompetition.ExecutionShared.csproj", "{681566E2-498C-40F3-A492-BC14F600187F}"
EndProject
Project("{9A19103F-16F7-4668-BE54-9A1E7A4F7556}") = "DistributedCodingCompetition.AuthService", "DistributedCodingCompetition.AuthService\DistributedCodingCompetition.AuthService.csproj", "{7739CF6E-76D9-4A5A-93AF-3534CAA97ED0}"
EndProject
Project("{9A19103F-16F7-4668-BE54-9A1E7A4F7556}") = "DistributedCodingCompetition.CodePersistence", "DistributedCodingCompetition.CodePersistence\DistributedCodingCompetition.CodePersistence.csproj", "{01B4DE1E-F769-43FA-9E88-D0BCF3F9BE25}"
EndProject
Global
	GlobalSection(SolutionConfigurationPlatforms) = preSolution
		Debug|Any CPU = Debug|Any CPU
		Release|Any CPU = Release|Any CPU
	EndGlobalSection
	GlobalSection(ProjectConfigurationPlatforms) = postSolution
		{BC5A5C8C-0CB6-4888-BB52-5C301BCBCDEB}.Debug|Any CPU.ActiveCfg = Debug|Any CPU
		{BC5A5C8C-0CB6-4888-BB52-5C301BCBCDEB}.Debug|Any CPU.Build.0 = Debug|Any CPU
		{BC5A5C8C-0CB6-4888-BB52-5C301BCBCDEB}.Release|Any CPU.ActiveCfg = Release|Any CPU
		{BC5A5C8C-0CB6-4888-BB52-5C301BCBCDEB}.Release|Any CPU.Build.0 = Release|Any CPU
		{EC8D630D-CDDD-4374-AA94-8FC63DF7E035}.Debug|Any CPU.ActiveCfg = Debug|Any CPU
		{EC8D630D-CDDD-4374-AA94-8FC63DF7E035}.Debug|Any CPU.Build.0 = Debug|Any CPU
		{EC8D630D-CDDD-4374-AA94-8FC63DF7E035}.Release|Any CPU.ActiveCfg = Release|Any CPU
		{EC8D630D-CDDD-4374-AA94-8FC63DF7E035}.Release|Any CPU.Build.0 = Release|Any CPU
		{DBFEDFD8-AEC2-4CFB-B400-BC9BBB64E571}.Debug|Any CPU.ActiveCfg = Debug|Any CPU
		{DBFEDFD8-AEC2-4CFB-B400-BC9BBB64E571}.Debug|Any CPU.Build.0 = Debug|Any CPU
		{DBFEDFD8-AEC2-4CFB-B400-BC9BBB64E571}.Release|Any CPU.ActiveCfg = Release|Any CPU
		{DBFEDFD8-AEC2-4CFB-B400-BC9BBB64E571}.Release|Any CPU.Build.0 = Release|Any CPU
		{F02BDA13-A6FE-49C6-8733-B5ABFE664865}.Debug|Any CPU.ActiveCfg = Debug|Any CPU
		{F02BDA13-A6FE-49C6-8733-B5ABFE664865}.Debug|Any CPU.Build.0 = Debug|Any CPU
		{F02BDA13-A6FE-49C6-8733-B5ABFE664865}.Release|Any CPU.ActiveCfg = Release|Any CPU
		{F02BDA13-A6FE-49C6-8733-B5ABFE664865}.Release|Any CPU.Build.0 = Release|Any CPU
		{640E0871-B453-4F34-BFC5-92E0A492DC92}.Debug|Any CPU.ActiveCfg = Debug|Any CPU
		{640E0871-B453-4F34-BFC5-92E0A492DC92}.Debug|Any CPU.Build.0 = Debug|Any CPU
		{640E0871-B453-4F34-BFC5-92E0A492DC92}.Release|Any CPU.ActiveCfg = Release|Any CPU
		{640E0871-B453-4F34-BFC5-92E0A492DC92}.Release|Any CPU.Build.0 = Release|Any CPU
		{2459C841-C1AC-49DF-AEC7-012678D8F440}.Debug|Any CPU.ActiveCfg = Debug|Any CPU
		{2459C841-C1AC-49DF-AEC7-012678D8F440}.Debug|Any CPU.Build.0 = Debug|Any CPU
		{2459C841-C1AC-49DF-AEC7-012678D8F440}.Release|Any CPU.ActiveCfg = Release|Any CPU
		{2459C841-C1AC-49DF-AEC7-012678D8F440}.Release|Any CPU.Build.0 = Release|Any CPU
		{1D2D7FA8-557B-4196-BECE-10AB80166058}.Debug|Any CPU.ActiveCfg = Debug|Any CPU
		{1D2D7FA8-557B-4196-BECE-10AB80166058}.Debug|Any CPU.Build.0 = Debug|Any CPU
		{1D2D7FA8-557B-4196-BECE-10AB80166058}.Release|Any CPU.ActiveCfg = Release|Any CPU
		{1D2D7FA8-557B-4196-BECE-10AB80166058}.Release|Any CPU.Build.0 = Release|Any CPU
		{01242147-9D15-4A9C-91BF-BC898D29226C}.Debug|Any CPU.ActiveCfg = Debug|Any CPU
		{01242147-9D15-4A9C-91BF-BC898D29226C}.Debug|Any CPU.Build.0 = Debug|Any CPU
		{01242147-9D15-4A9C-91BF-BC898D29226C}.Release|Any CPU.ActiveCfg = Release|Any CPU
		{01242147-9D15-4A9C-91BF-BC898D29226C}.Release|Any CPU.Build.0 = Release|Any CPU
		{681566E2-498C-40F3-A492-BC14F600187F}.Debug|Any CPU.ActiveCfg = Debug|Any CPU
		{681566E2-498C-40F3-A492-BC14F600187F}.Debug|Any CPU.Build.0 = Debug|Any CPU
		{681566E2-498C-40F3-A492-BC14F600187F}.Release|Any CPU.ActiveCfg = Release|Any CPU
		{681566E2-498C-40F3-A492-BC14F600187F}.Release|Any CPU.Build.0 = Release|Any CPU
		{7739CF6E-76D9-4A5A-93AF-3534CAA97ED0}.Debug|Any CPU.ActiveCfg = Debug|Any CPU
		{7739CF6E-76D9-4A5A-93AF-3534CAA97ED0}.Debug|Any CPU.Build.0 = Debug|Any CPU
		{7739CF6E-76D9-4A5A-93AF-3534CAA97ED0}.Release|Any CPU.ActiveCfg = Release|Any CPU
		{7739CF6E-76D9-4A5A-93AF-3534CAA97ED0}.Release|Any CPU.Build.0 = Release|Any CPU
		{01B4DE1E-F769-43FA-9E88-D0BCF3F9BE25}.Debug|Any CPU.ActiveCfg = Debug|Any CPU
		{01B4DE1E-F769-43FA-9E88-D0BCF3F9BE25}.Debug|Any CPU.Build.0 = Debug|Any CPU
		{01B4DE1E-F769-43FA-9E88-D0BCF3F9BE25}.Release|Any CPU.ActiveCfg = Release|Any CPU
		{01B4DE1E-F769-43FA-9E88-D0BCF3F9BE25}.Release|Any CPU.Build.0 = Release|Any CPU
	EndGlobalSection
	GlobalSection(SolutionProperties) = preSolution
		HideSolutionNode = FALSE
	EndGlobalSection
	GlobalSection(ExtensibilityGlobals) = postSolution
		SolutionGuid = {D27D9E1A-CBE2-47C5-9C7F-18D5154A0902}
	EndGlobalSection
EndGlobal
