
Microsoft Visual Studio Solution File, Format Version 12.00
# Visual Studio Version 17
VisualStudioVersion = 17.10.35013.160
MinimumVisualStudioVersion = 10.0.40219.1
Project("{9A19103F-16F7-4668-BE54-9A1E7A4F7556}") = "DistributedCodingCompetition.AppHost", "src\DistributedCodingCompetition.AppHost\DistributedCodingCompetition.AppHost.csproj", "{BC5A5C8C-0CB6-4888-BB52-5C301BCBCDEB}"
EndProject
Project("{9A19103F-16F7-4668-BE54-9A1E7A4F7556}") = "DistributedCodingCompetition.ServiceDefaults", "src\DistributedCodingCompetition.ServiceDefaults\DistributedCodingCompetition.ServiceDefaults.csproj", "{EC8D630D-CDDD-4374-AA94-8FC63DF7E035}"
EndProject
Project("{9A19103F-16F7-4668-BE54-9A1E7A4F7556}") = "DistributedCodingCompetition.ApiService", "src\DistributedCodingCompetition.ApiService\DistributedCodingCompetition.ApiService.csproj", "{DBFEDFD8-AEC2-4CFB-B400-BC9BBB64E571}"
EndProject
Project("{9A19103F-16F7-4668-BE54-9A1E7A4F7556}") = "DistributedCodingCompetition.Web", "src\DistributedCodingCompetition.Web\DistributedCodingCompetition.Web.csproj", "{F02BDA13-A6FE-49C6-8733-B5ABFE664865}"
EndProject
Project("{9A19103F-16F7-4668-BE54-9A1E7A4F7556}") = "DistributedCodingCompetition.Tests", "tests\DistributedCodingCompetition.Tests\DistributedCodingCompetition.Tests.csproj", "{640E0871-B453-4F34-BFC5-92E0A492DC92}"
EndProject
Project("{9A19103F-16F7-4668-BE54-9A1E7A4F7556}") = "DistributedCodingCompetition.CodeExecution", "src\DistributedCodingCompetition.CodeExecution\DistributedCodingCompetition.CodeExecution.csproj", "{2459C841-C1AC-49DF-AEC7-012678D8F440}"
EndProject
Project("{9A19103F-16F7-4668-BE54-9A1E7A4F7556}") = "DistributedCodingCompetition.Judge", "src\DistributedCodingCompetition.Judge\DistributedCodingCompetition.Judge.csproj", "{1D2D7FA8-557B-4196-BECE-10AB80166058}"
EndProject
Project("{9A19103F-16F7-4668-BE54-9A1E7A4F7556}") = "DistributedCodingCompetition.ExecRunner", "src\DistributedCodingCompetition.ExecRunner\DistributedCodingCompetition.ExecRunner.csproj", "{01242147-9D15-4A9C-91BF-BC898D29226C}"
EndProject
Project("{9A19103F-16F7-4668-BE54-9A1E7A4F7556}") = "DistributedCodingCompetition.ExecutionShared", "src\DistributedCodingCompetition.ExecutionShared\DistributedCodingCompetition.ExecutionShared.csproj", "{681566E2-498C-40F3-A492-BC14F600187F}"
EndProject
Project("{9A19103F-16F7-4668-BE54-9A1E7A4F7556}") = "DistributedCodingCompetition.AuthService", "src\DistributedCodingCompetition.AuthService\DistributedCodingCompetition.AuthService.csproj", "{7739CF6E-76D9-4A5A-93AF-3534CAA97ED0}"
EndProject
Project("{9A19103F-16F7-4668-BE54-9A1E7A4F7556}") = "DistributedCodingCompetition.CodePersistence", "src\DistributedCodingCompetition.CodePersistence\DistributedCodingCompetition.CodePersistence.csproj", "{01B4DE1E-F769-43FA-9E88-D0BCF3F9BE25}"
EndProject
Project("{9A19103F-16F7-4668-BE54-9A1E7A4F7556}") = "DistributedCodingCompetition.Leaderboard", "src\DistributedCodingCompetition.Leaderboard\DistributedCodingCompetition.Leaderboard.csproj", "{A563693B-2616-415C-89B5-9A196E2D27A0}"
EndProject
Project("{9A19103F-16F7-4668-BE54-9A1E7A4F7556}") = "DistributedCodingCompetition.LiveLeaders", "src\DistributedCodingCompetition.LiveLeaders\DistributedCodingCompetition.LiveLeaders.csproj", "{5558F9F2-6E67-416C-8D17-BDE05E1CFDA2}"
EndProject
Project("{9A19103F-16F7-4668-BE54-9A1E7A4F7556}") = "DistributedCodingCompetition.ApiService.Models", "src\DistributedCodingCompetition.ApiService.Models\DistributedCodingCompetition.ApiService.Models.csproj", "{0321400F-BA37-4094-A7F5-2317F287C418}"
EndProject
Project("{9A19103F-16F7-4668-BE54-9A1E7A4F7556}") = "DistributedCodingCompetition.ApiService.Client", "src\DistributedCodingCompetition.ApiService.Client\DistributedCodingCompetition.ApiService.Client.csproj", "{365530C6-E10E-44E6-B757-2A994720F96F}"
EndProject
Project("{9A19103F-16F7-4668-BE54-9A1E7A4F7556}") = "DistributedCodingCompetition.AuthService.Models", "src\DistributedCodingCompetition.AuthService.Models\DistributedCodingCompetition.AuthService.Models.csproj", "{0398F661-B455-498B-95B6-DFF5C119D926}"
EndProject
Project("{9A19103F-16F7-4668-BE54-9A1E7A4F7556}") = "DistributedCodingCompetition.AuthService.Client", "src\DistributedCodingCompetition.AuthService.Client\DistributedCodingCompetition.AuthService.Client.csproj", "{04ACBAB9-71CA-404A-8DAA-6FCAD4227DD2}"
EndProject
Project("{9A19103F-16F7-4668-BE54-9A1E7A4F7556}") = "DistributedCodingCompetition.CodeExecution.Client", "src\DistributedCodingCompetition.CodeExecution.Client\DistributedCodingCompetition.CodeExecution.Client.csproj", "{5A1E054D-0453-46FD-8BAB-8BDC9990BD78}"
EndProject
Project("{9A19103F-16F7-4668-BE54-9A1E7A4F7556}") = "DistributedCodingCompetition.Judge.Client", "src\DistributedCodingCompetition.Judge.Client\DistributedCodingCompetition.Judge.Client.csproj", "{C9139317-51B0-4360-A045-A5E04C5E2F95}"
EndProject
Project("{9A19103F-16F7-4668-BE54-9A1E7A4F7556}") = "DistributedCodingCompetition.CodePersistence.Client", "src\DistributedCodingCompetition.CodePersistence.Client\DistributedCodingCompetition.CodePersistence.Client.csproj", "{166645F2-E4E6-4816-8AD9-28C38EB2B153}"
EndProject
Project("{9A19103F-16F7-4668-BE54-9A1E7A4F7556}") = "DistributedCodingCompetition.Leaderboard.Client", "src\DistributedCodingCompetition.Leaderboard.Client\DistributedCodingCompetition.Leaderboard.Client.csproj", "{850166FF-18AC-453E-98E7-CDB5336FF027}"
EndProject
Project("{9A19103F-16F7-4668-BE54-9A1E7A4F7556}") = "DistributedCodingCompetition.LiveLeaders.Client", "src\DistributedCodingCompetition.LiveLeaders.Client\DistributedCodingCompetition.LiveLeaders.Client.csproj", "{5246BD42-9734-4079-A42D-A645EAFA34E0}"
EndProject
Project("{2150E333-8FDC-42A3-9474-1A3956D46DE8}") = "ApiService", "ApiService", "{A521F175-205A-407B-964C-04F247C4C88C}"
EndProject
Project("{2150E333-8FDC-42A3-9474-1A3956D46DE8}") = "AuthService", "AuthService", "{9D4F2D3C-106D-4C3C-812E-D3130E0E79BA}"
EndProject
Project("{2150E333-8FDC-42A3-9474-1A3956D46DE8}") = "CodeExecution", "CodeExecution", "{E30B6100-DE36-42C8-A494-C240EF581999}"
EndProject
Project("{2150E333-8FDC-42A3-9474-1A3956D46DE8}") = "CodePersistence", "CodePersistence", "{E0B9D47D-5D99-4DED-B866-3741F0E0F105}"
EndProject
Project("{2150E333-8FDC-42A3-9474-1A3956D46DE8}") = "Judge", "Judge", "{02BD6F13-F3FB-4BC2-93EA-D480E7CAC0A4}"
EndProject
Project("{2150E333-8FDC-42A3-9474-1A3956D46DE8}") = "Leaderboard", "Leaderboard", "{9EFA556D-7181-4990-B53F-140FD8CAD6FD}"
EndProject
Project("{2150E333-8FDC-42A3-9474-1A3956D46DE8}") = "LiveLeaders", "LiveLeaders", "{549B7FF5-068A-4DF5-A02B-E88B609F9FA4}"
EndProject
Project("{9A19103F-16F7-4668-BE54-9A1E7A4F7556}") = "DistributedCodingCompetition.ApiService.MigrationService", "src\DistributedCodingCompetition.ApiService.MigrationService\DistributedCodingCompetition.ApiService.MigrationService.csproj", "{E3356F27-B7FA-4792-AB72-5B31BAD23491}"
EndProject
Project("{9A19103F-16F7-4668-BE54-9A1E7A4F7556}") = "DistributedCodingCompetition.ApiService.Data", "src\DistributedCodingCompetition.ApiService.Data\DistributedCodingCompetition.ApiService.Data.csproj", "{4FA6BD6C-3F67-457C-9671-9C04F82346F9}"
EndProject
Project("{2150E333-8FDC-42A3-9474-1A3956D46DE8}") = "src", "src", "{82110145-D2F8-4F66-8700-BE8D1CD4A333}"
EndProject
Project("{2150E333-8FDC-42A3-9474-1A3956D46DE8}") = "test", "test", "{BD82C632-3052-4A82-A507-55933DA1C512}"
EndProject
Project("{9A19103F-16F7-4668-BE54-9A1E7A4F7556}") = "PistonSimulator", "tests\PistonSimulator\PistonSimulator.csproj", "{908D38BC-719B-46A7-B5F9-90D93092D702}"
EndProject
Project("{6EC3EE1D-3C4E-46DD-8F32-0CC8E7565705}") = "DistributedCodingCompetition.CodeExecutionUnitTests", "tests\DistributedCodingCompetition.CodeExecutionUnitTests\DistributedCodingCompetition.CodeExecutionUnitTests.fsproj", "{8513840D-A167-472B-B8D2-32DD668DE20A}"
EndProject
Project("{2150E333-8FDC-42A3-9474-1A3956D46DE8}") = "Web", "Web", "{4715130C-D110-403E-B7AC-D4E117D4D1D6}"
EndProject
Project("{9A19103F-16F7-4668-BE54-9A1E7A4F7556}") = "DistributedCodingCompetition.Web.Client", "src\DistributedCodingCompetition.Web.Client\DistributedCodingCompetition.Web.Client.csproj", "{89743BDD-F1EF-4359-8962-A13B2A3DB380}"
EndProject
Global
	GlobalSection(SolutionConfigurationPlatforms) = preSolution
		Debug|Any CPU = Debug|Any CPU
		Release|Any CPU = Release|Any CPU
	EndGlobalSection
	GlobalSection(ProjectConfigurationPlatforms) = postSolution
		{BC5A5C8C-0CB6-4888-BB52-5C301BCBCDEB}.Debug|Any CPU.ActiveCfg = Debug|Any CPU
		{BC5A5C8C-0CB6-4888-BB52-5C301BCBCDEB}.Debug|Any CPU.Build.0 = Debug|Any CPU
		{BC5A5C8C-0CB6-4888-BB52-5C301BCBCDEB}.Release|Any CPU.ActiveCfg = Release|Any CPU
		{BC5A5C8C-0CB6-4888-BB52-5C301BCBCDEB}.Release|Any CPU.Build.0 = Release|Any CPU
		{EC8D630D-CDDD-4374-AA94-8FC63DF7E035}.Debug|Any CPU.ActiveCfg = Debug|Any CPU
		{EC8D630D-CDDD-4374-AA94-8FC63DF7E035}.Debug|Any CPU.Build.0 = Debug|Any CPU
		{EC8D630D-CDDD-4374-AA94-8FC63DF7E035}.Release|Any CPU.ActiveCfg = Release|Any CPU
		{EC8D630D-CDDD-4374-AA94-8FC63DF7E035}.Release|Any CPU.Build.0 = Release|Any CPU
		{DBFEDFD8-AEC2-4CFB-B400-BC9BBB64E571}.Debug|Any CPU.ActiveCfg = Debug|Any CPU
		{DBFEDFD8-AEC2-4CFB-B400-BC9BBB64E571}.Debug|Any CPU.Build.0 = Debug|Any CPU
		{DBFEDFD8-AEC2-4CFB-B400-BC9BBB64E571}.Release|Any CPU.ActiveCfg = Release|Any CPU
		{DBFEDFD8-AEC2-4CFB-B400-BC9BBB64E571}.Release|Any CPU.Build.0 = Release|Any CPU
		{F02BDA13-A6FE-49C6-8733-B5ABFE664865}.Debug|Any CPU.ActiveCfg = Debug|Any CPU
		{F02BDA13-A6FE-49C6-8733-B5ABFE664865}.Debug|Any CPU.Build.0 = Debug|Any CPU
		{F02BDA13-A6FE-49C6-8733-B5ABFE664865}.Release|Any CPU.ActiveCfg = Release|Any CPU
		{F02BDA13-A6FE-49C6-8733-B5ABFE664865}.Release|Any CPU.Build.0 = Release|Any CPU
		{640E0871-B453-4F34-BFC5-92E0A492DC92}.Debug|Any CPU.ActiveCfg = Debug|Any CPU
		{640E0871-B453-4F34-BFC5-92E0A492DC92}.Debug|Any CPU.Build.0 = Debug|Any CPU
		{640E0871-B453-4F34-BFC5-92E0A492DC92}.Release|Any CPU.ActiveCfg = Release|Any CPU
		{640E0871-B453-4F34-BFC5-92E0A492DC92}.Release|Any CPU.Build.0 = Release|Any CPU
		{2459C841-C1AC-49DF-AEC7-012678D8F440}.Debug|Any CPU.ActiveCfg = Debug|Any CPU
		{2459C841-C1AC-49DF-AEC7-012678D8F440}.Debug|Any CPU.Build.0 = Debug|Any CPU
		{2459C841-C1AC-49DF-AEC7-012678D8F440}.Release|Any CPU.ActiveCfg = Release|Any CPU
		{2459C841-C1AC-49DF-AEC7-012678D8F440}.Release|Any CPU.Build.0 = Release|Any CPU
		{1D2D7FA8-557B-4196-BECE-10AB80166058}.Debug|Any CPU.ActiveCfg = Debug|Any CPU
		{1D2D7FA8-557B-4196-BECE-10AB80166058}.Debug|Any CPU.Build.0 = Debug|Any CPU
		{1D2D7FA8-557B-4196-BECE-10AB80166058}.Release|Any CPU.ActiveCfg = Release|Any CPU
		{1D2D7FA8-557B-4196-BECE-10AB80166058}.Release|Any CPU.Build.0 = Release|Any CPU
		{01242147-9D15-4A9C-91BF-BC898D29226C}.Debug|Any CPU.ActiveCfg = Debug|Any CPU
		{01242147-9D15-4A9C-91BF-BC898D29226C}.Debug|Any CPU.Build.0 = Debug|Any CPU
		{01242147-9D15-4A9C-91BF-BC898D29226C}.Release|Any CPU.ActiveCfg = Release|Any CPU
		{01242147-9D15-4A9C-91BF-BC898D29226C}.Release|Any CPU.Build.0 = Release|Any CPU
		{681566E2-498C-40F3-A492-BC14F600187F}.Debug|Any CPU.ActiveCfg = Debug|Any CPU
		{681566E2-498C-40F3-A492-BC14F600187F}.Debug|Any CPU.Build.0 = Debug|Any CPU
		{681566E2-498C-40F3-A492-BC14F600187F}.Release|Any CPU.ActiveCfg = Release|Any CPU
		{681566E2-498C-40F3-A492-BC14F600187F}.Release|Any CPU.Build.0 = Release|Any CPU
		{7739CF6E-76D9-4A5A-93AF-3534CAA97ED0}.Debug|Any CPU.ActiveCfg = Debug|Any CPU
		{7739CF6E-76D9-4A5A-93AF-3534CAA97ED0}.Debug|Any CPU.Build.0 = Debug|Any CPU
		{7739CF6E-76D9-4A5A-93AF-3534CAA97ED0}.Release|Any CPU.ActiveCfg = Release|Any CPU
		{7739CF6E-76D9-4A5A-93AF-3534CAA97ED0}.Release|Any CPU.Build.0 = Release|Any CPU
		{01B4DE1E-F769-43FA-9E88-D0BCF3F9BE25}.Debug|Any CPU.ActiveCfg = Debug|Any CPU
		{01B4DE1E-F769-43FA-9E88-D0BCF3F9BE25}.Debug|Any CPU.Build.0 = Debug|Any CPU
		{01B4DE1E-F769-43FA-9E88-D0BCF3F9BE25}.Release|Any CPU.ActiveCfg = Release|Any CPU
		{01B4DE1E-F769-43FA-9E88-D0BCF3F9BE25}.Release|Any CPU.Build.0 = Release|Any CPU
		{A563693B-2616-415C-89B5-9A196E2D27A0}.Debug|Any CPU.ActiveCfg = Debug|Any CPU
		{A563693B-2616-415C-89B5-9A196E2D27A0}.Debug|Any CPU.Build.0 = Debug|Any CPU
		{A563693B-2616-415C-89B5-9A196E2D27A0}.Release|Any CPU.ActiveCfg = Release|Any CPU
		{A563693B-2616-415C-89B5-9A196E2D27A0}.Release|Any CPU.Build.0 = Release|Any CPU
		{5558F9F2-6E67-416C-8D17-BDE05E1CFDA2}.Debug|Any CPU.ActiveCfg = Debug|Any CPU
		{5558F9F2-6E67-416C-8D17-BDE05E1CFDA2}.Debug|Any CPU.Build.0 = Debug|Any CPU
		{5558F9F2-6E67-416C-8D17-BDE05E1CFDA2}.Release|Any CPU.ActiveCfg = Release|Any CPU
		{5558F9F2-6E67-416C-8D17-BDE05E1CFDA2}.Release|Any CPU.Build.0 = Release|Any CPU
		{0321400F-BA37-4094-A7F5-2317F287C418}.Debug|Any CPU.ActiveCfg = Debug|Any CPU
		{0321400F-BA37-4094-A7F5-2317F287C418}.Debug|Any CPU.Build.0 = Debug|Any CPU
		{0321400F-BA37-4094-A7F5-2317F287C418}.Release|Any CPU.ActiveCfg = Release|Any CPU
		{0321400F-BA37-4094-A7F5-2317F287C418}.Release|Any CPU.Build.0 = Release|Any CPU
		{365530C6-E10E-44E6-B757-2A994720F96F}.Debug|Any CPU.ActiveCfg = Debug|Any CPU
		{365530C6-E10E-44E6-B757-2A994720F96F}.Debug|Any CPU.Build.0 = Debug|Any CPU
		{365530C6-E10E-44E6-B757-2A994720F96F}.Release|Any CPU.ActiveCfg = Release|Any CPU
		{365530C6-E10E-44E6-B757-2A994720F96F}.Release|Any CPU.Build.0 = Release|Any CPU
		{0398F661-B455-498B-95B6-DFF5C119D926}.Debug|Any CPU.ActiveCfg = Debug|Any CPU
		{0398F661-B455-498B-95B6-DFF5C119D926}.Debug|Any CPU.Build.0 = Debug|Any CPU
		{0398F661-B455-498B-95B6-DFF5C119D926}.Release|Any CPU.ActiveCfg = Release|Any CPU
		{0398F661-B455-498B-95B6-DFF5C119D926}.Release|Any CPU.Build.0 = Release|Any CPU
		{04ACBAB9-71CA-404A-8DAA-6FCAD4227DD2}.Debug|Any CPU.ActiveCfg = Debug|Any CPU
		{04ACBAB9-71CA-404A-8DAA-6FCAD4227DD2}.Debug|Any CPU.Build.0 = Debug|Any CPU
		{04ACBAB9-71CA-404A-8DAA-6FCAD4227DD2}.Release|Any CPU.ActiveCfg = Release|Any CPU
		{04ACBAB9-71CA-404A-8DAA-6FCAD4227DD2}.Release|Any CPU.Build.0 = Release|Any CPU
		{5A1E054D-0453-46FD-8BAB-8BDC9990BD78}.Debug|Any CPU.ActiveCfg = Debug|Any CPU
		{5A1E054D-0453-46FD-8BAB-8BDC9990BD78}.Debug|Any CPU.Build.0 = Debug|Any CPU
		{5A1E054D-0453-46FD-8BAB-8BDC9990BD78}.Release|Any CPU.ActiveCfg = Release|Any CPU
		{5A1E054D-0453-46FD-8BAB-8BDC9990BD78}.Release|Any CPU.Build.0 = Release|Any CPU
		{C9139317-51B0-4360-A045-A5E04C5E2F95}.Debug|Any CPU.ActiveCfg = Debug|Any CPU
		{C9139317-51B0-4360-A045-A5E04C5E2F95}.Debug|Any CPU.Build.0 = Debug|Any CPU
		{C9139317-51B0-4360-A045-A5E04C5E2F95}.Release|Any CPU.ActiveCfg = Release|Any CPU
		{C9139317-51B0-4360-A045-A5E04C5E2F95}.Release|Any CPU.Build.0 = Release|Any CPU
		{166645F2-E4E6-4816-8AD9-28C38EB2B153}.Debug|Any CPU.ActiveCfg = Debug|Any CPU
		{166645F2-E4E6-4816-8AD9-28C38EB2B153}.Debug|Any CPU.Build.0 = Debug|Any CPU
		{166645F2-E4E6-4816-8AD9-28C38EB2B153}.Release|Any CPU.ActiveCfg = Release|Any CPU
		{166645F2-E4E6-4816-8AD9-28C38EB2B153}.Release|Any CPU.Build.0 = Release|Any CPU
		{850166FF-18AC-453E-98E7-CDB5336FF027}.Debug|Any CPU.ActiveCfg = Debug|Any CPU
		{850166FF-18AC-453E-98E7-CDB5336FF027}.Debug|Any CPU.Build.0 = Debug|Any CPU
		{850166FF-18AC-453E-98E7-CDB5336FF027}.Release|Any CPU.ActiveCfg = Release|Any CPU
		{850166FF-18AC-453E-98E7-CDB5336FF027}.Release|Any CPU.Build.0 = Release|Any CPU
		{5246BD42-9734-4079-A42D-A645EAFA34E0}.Debug|Any CPU.ActiveCfg = Debug|Any CPU
		{5246BD42-9734-4079-A42D-A645EAFA34E0}.Debug|Any CPU.Build.0 = Debug|Any CPU
		{5246BD42-9734-4079-A42D-A645EAFA34E0}.Release|Any CPU.ActiveCfg = Release|Any CPU
		{5246BD42-9734-4079-A42D-A645EAFA34E0}.Release|Any CPU.Build.0 = Release|Any CPU
		{E3356F27-B7FA-4792-AB72-5B31BAD23491}.Debug|Any CPU.ActiveCfg = Debug|Any CPU
		{E3356F27-B7FA-4792-AB72-5B31BAD23491}.Debug|Any CPU.Build.0 = Debug|Any CPU
		{E3356F27-B7FA-4792-AB72-5B31BAD23491}.Release|Any CPU.ActiveCfg = Release|Any CPU
		{E3356F27-B7FA-4792-AB72-5B31BAD23491}.Release|Any CPU.Build.0 = Release|Any CPU
		{4FA6BD6C-3F67-457C-9671-9C04F82346F9}.Debug|Any CPU.ActiveCfg = Debug|Any CPU
		{4FA6BD6C-3F67-457C-9671-9C04F82346F9}.Debug|Any CPU.Build.0 = Debug|Any CPU
		{4FA6BD6C-3F67-457C-9671-9C04F82346F9}.Release|Any CPU.ActiveCfg = Release|Any CPU
		{4FA6BD6C-3F67-457C-9671-9C04F82346F9}.Release|Any CPU.Build.0 = Release|Any CPU
		{908D38BC-719B-46A7-B5F9-90D93092D702}.Debug|Any CPU.ActiveCfg = Debug|Any CPU
		{908D38BC-719B-46A7-B5F9-90D93092D702}.Debug|Any CPU.Build.0 = Debug|Any CPU
		{908D38BC-719B-46A7-B5F9-90D93092D702}.Release|Any CPU.ActiveCfg = Release|Any CPU
		{908D38BC-719B-46A7-B5F9-90D93092D702}.Release|Any CPU.Build.0 = Release|Any CPU
		{8513840D-A167-472B-B8D2-32DD668DE20A}.Debug|Any CPU.ActiveCfg = Debug|Any CPU
		{8513840D-A167-472B-B8D2-32DD668DE20A}.Debug|Any CPU.Build.0 = Debug|Any CPU
		{8513840D-A167-472B-B8D2-32DD668DE20A}.Release|Any CPU.ActiveCfg = Release|Any CPU
		{8513840D-A167-472B-B8D2-32DD668DE20A}.Release|Any CPU.Build.0 = Release|Any CPU
		{89743BDD-F1EF-4359-8962-A13B2A3DB380}.Debug|Any CPU.ActiveCfg = Debug|Any CPU
		{89743BDD-F1EF-4359-8962-A13B2A3DB380}.Debug|Any CPU.Build.0 = Debug|Any CPU
		{89743BDD-F1EF-4359-8962-A13B2A3DB380}.Release|Any CPU.ActiveCfg = Release|Any CPU
		{89743BDD-F1EF-4359-8962-A13B2A3DB380}.Release|Any CPU.Build.0 = Release|Any CPU
	EndGlobalSection
	GlobalSection(SolutionProperties) = preSolution
		HideSolutionNode = FALSE
	EndGlobalSection
	GlobalSection(NestedProjects) = preSolution
		{BC5A5C8C-0CB6-4888-BB52-5C301BCBCDEB} = {82110145-D2F8-4F66-8700-BE8D1CD4A333}
		{EC8D630D-CDDD-4374-AA94-8FC63DF7E035} = {82110145-D2F8-4F66-8700-BE8D1CD4A333}
		{DBFEDFD8-AEC2-4CFB-B400-BC9BBB64E571} = {A521F175-205A-407B-964C-04F247C4C88C}
		{F02BDA13-A6FE-49C6-8733-B5ABFE664865} = {4715130C-D110-403E-B7AC-D4E117D4D1D6}
		{640E0871-B453-4F34-BFC5-92E0A492DC92} = {BD82C632-3052-4A82-A507-55933DA1C512}
		{2459C841-C1AC-49DF-AEC7-012678D8F440} = {E30B6100-DE36-42C8-A494-C240EF581999}
		{1D2D7FA8-557B-4196-BECE-10AB80166058} = {02BD6F13-F3FB-4BC2-93EA-D480E7CAC0A4}
		{01242147-9D15-4A9C-91BF-BC898D29226C} = {E30B6100-DE36-42C8-A494-C240EF581999}
		{681566E2-498C-40F3-A492-BC14F600187F} = {E30B6100-DE36-42C8-A494-C240EF581999}
		{7739CF6E-76D9-4A5A-93AF-3534CAA97ED0} = {9D4F2D3C-106D-4C3C-812E-D3130E0E79BA}
		{01B4DE1E-F769-43FA-9E88-D0BCF3F9BE25} = {E0B9D47D-5D99-4DED-B866-3741F0E0F105}
		{A563693B-2616-415C-89B5-9A196E2D27A0} = {9EFA556D-7181-4990-B53F-140FD8CAD6FD}
		{5558F9F2-6E67-416C-8D17-BDE05E1CFDA2} = {549B7FF5-068A-4DF5-A02B-E88B609F9FA4}
		{0321400F-BA37-4094-A7F5-2317F287C418} = {A521F175-205A-407B-964C-04F247C4C88C}
		{365530C6-E10E-44E6-B757-2A994720F96F} = {A521F175-205A-407B-964C-04F247C4C88C}
		{0398F661-B455-498B-95B6-DFF5C119D926} = {9D4F2D3C-106D-4C3C-812E-D3130E0E79BA}
		{04ACBAB9-71CA-404A-8DAA-6FCAD4227DD2} = {9D4F2D3C-106D-4C3C-812E-D3130E0E79BA}
		{5A1E054D-0453-46FD-8BAB-8BDC9990BD78} = {E30B6100-DE36-42C8-A494-C240EF581999}
		{C9139317-51B0-4360-A045-A5E04C5E2F95} = {02BD6F13-F3FB-4BC2-93EA-D480E7CAC0A4}
		{166645F2-E4E6-4816-8AD9-28C38EB2B153} = {E0B9D47D-5D99-4DED-B866-3741F0E0F105}
		{850166FF-18AC-453E-98E7-CDB5336FF027} = {9EFA556D-7181-4990-B53F-140FD8CAD6FD}
		{5246BD42-9734-4079-A42D-A645EAFA34E0} = {549B7FF5-068A-4DF5-A02B-E88B609F9FA4}
		{A521F175-205A-407B-964C-04F247C4C88C} = {82110145-D2F8-4F66-8700-BE8D1CD4A333}
		{9D4F2D3C-106D-4C3C-812E-D3130E0E79BA} = {82110145-D2F8-4F66-8700-BE8D1CD4A333}
		{E30B6100-DE36-42C8-A494-C240EF581999} = {82110145-D2F8-4F66-8700-BE8D1CD4A333}
		{E0B9D47D-5D99-4DED-B866-3741F0E0F105} = {82110145-D2F8-4F66-8700-BE8D1CD4A333}
		{02BD6F13-F3FB-4BC2-93EA-D480E7CAC0A4} = {82110145-D2F8-4F66-8700-BE8D1CD4A333}
		{9EFA556D-7181-4990-B53F-140FD8CAD6FD} = {82110145-D2F8-4F66-8700-BE8D1CD4A333}
		{549B7FF5-068A-4DF5-A02B-E88B609F9FA4} = {82110145-D2F8-4F66-8700-BE8D1CD4A333}
		{E3356F27-B7FA-4792-AB72-5B31BAD23491} = {A521F175-205A-407B-964C-04F247C4C88C}
		{4FA6BD6C-3F67-457C-9671-9C04F82346F9} = {A521F175-205A-407B-964C-04F247C4C88C}
		{908D38BC-719B-46A7-B5F9-90D93092D702} = {BD82C632-3052-4A82-A507-55933DA1C512}
		{8513840D-A167-472B-B8D2-32DD668DE20A} = {BD82C632-3052-4A82-A507-55933DA1C512}
		{4715130C-D110-403E-B7AC-D4E117D4D1D6} = {82110145-D2F8-4F66-8700-BE8D1CD4A333}
		{89743BDD-F1EF-4359-8962-A13B2A3DB380} = {4715130C-D110-403E-B7AC-D4E117D4D1D6}
	EndGlobalSection
	GlobalSection(ExtensibilityGlobals) = postSolution
		SolutionGuid = {D27D9E1A-CBE2-47C5-9C7F-18D5154A0902}
	EndGlobalSection
EndGlobal
